
Microsoft Visual Studio Solution File, Format Version 12.00
# Visual Studio 2012
Project("{8BC9CEB8-8B4A-11D0-8D11-00A0C91BC942}") = "TelemetryClass", "TelemetryClass\TelemetryClass.vcxproj", "{74236C91-B380-4B9D-BDA8-CBD21CFD9A8A}"
EndProject
Global
	GlobalSection(SolutionConfigurationPlatforms) = preSolution
		Debug|Win32 = Debug|Win32
		Release|Win32 = Release|Win32
	EndGlobalSection
	GlobalSection(ProjectConfigurationPlatforms) = postSolution
		{74236C91-B380-4B9D-BDA8-CBD21CFD9A8A}.Debug|Win32.ActiveCfg = Debug|Win32
		{74236C91-B380-4B9D-BDA8-CBD21CFD9A8A}.Debug|Win32.Build.0 = Debug|Win32
		{74236C91-B380-4B9D-BDA8-CBD21CFD9A8A}.Release|Win32.ActiveCfg = Release|Win32
		{74236C91-B380-4B9D-BDA8-CBD21CFD9A8A}.Release|Win32.Build.0 = Release|Win32
	EndGlobalSection
	GlobalSection(SolutionProperties) = preSolution
		HideSolutionNode = FALSE
	EndGlobalSection
EndGlobal
